[[package]]
name = "ansi_term"
version = "0.9.0"
source = "registry+https://github.com/rust-lang/crates.io-index"

[[package]]
name = "array_slice"
version = "0.1.0"

[[package]]
name = "cfg"
version = "0.1.0"

[[package]]
name = "comment"
version = "0.1.0"

[[package]]
name = "conversion"
version = "0.1.0"

[[package]]
name = "deeply"
version = "0.1.0"

[[package]]
name = "dev_dependencies"
version = "0.1.0"
dependencies = [
 "pretty_assertions 0.4.1 (registry+https://github.com/rust-lang/crates.io-index)",
]

[[package]]
name = "difference"
version = "1.0.0"
source = "registry+https://github.com/rust-lang/crates.io-index"

[[package]]
name = "doc"
version = "0.1.0"

[[package]]
name = "enums"
version = "0.1.0"

[[package]]
name = "error"
version = "0.1.0"

[[package]]
name = "flow_control"
version = "0.1.0"

[[package]]
name = "fn_"
version = "0.1.0"

[[package]]
name = "generics"
version = "0.1.0"

[[package]]
name = "hello"
version = "0.1.0"

[[package]]
name = "hermanradtke"
version = "0.1.0"

[[package]]
name = "integration_testing"
version = "0.1.0"

[[package]]
name = "macros"
version = "0.1.0"

[[package]]
name = "pretty_assertions"
version = "0.4.1"
source = "registry+https://github.com/rust-lang/crates.io-index"
dependencies = [
 "ansi_term 0.9.0 (registry+https://github.com/rust-lang/crates.io-index)",
 "difference 1.0.0 (registry+https://github.com/rust-lang/crates.io-index)",
]

[[package]]
name = "primitives"
version = "0.1.0"

[[package]]
name = "print"
version = "0.1.0"

[[package]]
name = "print_debug"
version = "0.1.0"

[[package]]
name = "rary"
version = "0.1.0"

[[package]]
name = "scope"
version = "0.1.0"

[[package]]
name = "split_modules"
version = "0.1.0"

[[package]]
name = "std"
version = "0.1.0"

[[package]]
name = "std_misc"
version = "0.1.0"

[[package]]
name = "structures"
version = "0.1.0"

[[package]]
name = "testing"
version = "0.1.0"

[[package]]
name = "traits"
version = "0.1.0"

[[package]]
name = "tupels"
version = "0.1.0"

[[package]]
name = "types"
version = "0.1.0"

[[package]]
name = "unsafe_"
version = "0.1.0"

[[package]]
name = "use_"
version = "0.1.0"

[[package]]
name = "variable_bindings"
version = "0.1.0"

[[package]]
name = "visibility"
version = "0.1.0"
dependencies = [
 "deeply 0.1.0",
]

[metadata]
"checksum ansi_term 0.9.0 (registry+https://github.com/rust-lang/crates.io-index)" = "23ac7c30002a5accbf7e8987d0632fa6de155b7c3d39d0067317a391e00a2ef6"
"checksum difference 1.0.0 (registry+https://github.com/rust-lang/crates.io-index)" = "b3304d19798a8e067e48d8e69b2c37f0b5e9b4e462504ad9e27e9f3fce02bba8"
"checksum pretty_assertions 0.4.1 (registry+https://github.com/rust-lang/crates.io-index)" = "28ea5118e2f41bfbc974b28d88c07621befd1fa5d6ec23549be96302a1a59dd2"
